
Microsoft Visual Studio Solution File, Format Version 12.00
# Visual Studio Version 16
VisualStudioVersion = 16.0.29728.190
MinimumVisualStudioVersion = 10.0.40219.1
Project("{FAE04EC0-301F-11D3-BF4B-00C04F79EFBC}") = "Edytor tekstu MyNote 4.10", "Edytor tekstu MyNote 4.10\Edytor tekstu MyNote 4.10.csproj", "{D5C670D1-2DD6-4A4F-B25A-24FD413FBE9F}"
EndProject
Global
	GlobalSection(SolutionConfigurationPlatforms) = preSolution
		Debug|Any CPU = Debug|Any CPU
		Release|Any CPU = Release|Any CPU
	EndGlobalSection
	GlobalSection(ProjectConfigurationPlatforms) = postSolution
		{D5C670D1-2DD6-4A4F-B25A-24FD413FBE9F}.Debug|Any CPU.ActiveCfg = Debug|Any CPU
		{D5C670D1-2DD6-4A4F-B25A-24FD413FBE9F}.Debug|Any CPU.Build.0 = Debug|Any CPU
		{D5C670D1-2DD6-4A4F-B25A-24FD413FBE9F}.Release|Any CPU.ActiveCfg = Release|Any CPU
		{D5C670D1-2DD6-4A4F-B25A-24FD413FBE9F}.Release|Any CPU.Build.0 = Release|Any CPU
	EndGlobalSection
	GlobalSection(SolutionProperties) = preSolution
		HideSolutionNode = FALSE
	EndGlobalSection
	GlobalSection(ExtensibilityGlobals) = postSolution
		SolutionGuid = {18DF7360-5EC2-4B4E-8867-06933562B84C}
	EndGlobalSection
EndGlobal
